// !$*UTF8*$!
{
	archiveVersion = 1;
	classes = {
	};
	objectVersion = 50;
	objects = {

/* Begin PBXBuildFile section */
		EBA130F82610CCB2003C9252 /* AppDelegate.swift in Sources */ = {isa = PBXBuildFile; fileRef = EBA130F72610CCB2003C9252 /* AppDelegate.swift */; };
		EBA130FA2610CCB2003C9252 /* SceneDelegate.swift in Sources */ = {isa = PBXBuildFile; fileRef = EBA130F92610CCB2003C9252 /* SceneDelegate.swift */; };
		EBA130FC2610CCB2003C9252 /* ViewController.swift in Sources */ = {isa = PBXBuildFile; fileRef = EBA130FB2610CCB2003C9252 /* ViewController.swift */; };
		EBA130FF2610CCB2003C9252 /* Main.storyboard in Resources */ = {isa = PBXBuildFile; fileRef = EBA130FD2610CCB2003C9252 /* Main.storyboard */; };
		EBA131012610CCB7003C9252 /* Assets.xcassets in Resources */ = {isa = PBXBuildFile; fileRef = EBA131002610CCB7003C9252 /* Assets.xcassets */; };
		EBA131042610CCB7003C9252 /* LaunchScreen.storyboard in Resources */ = {isa = PBXBuildFile; fileRef = EBA131022610CCB7003C9252 /* LaunchScreen.storyboard */; };
		EBA1310E2610CE4C003C9252 /* MobileNetV2.mlkitmodel in Sources */ = {isa = PBXBuildFile; fileRef = EBA1310C2610CE4B003C9252 /* MobileNetV2.mlkitmodel */; };
		EBA1310F2610CE4C003C9252 /* SqueezeNet.mlkitmodel in Sources */ = {isa = PBXBuildFile; fileRef = EBA1310D2610CE4C003C9252 /* SqueezeNet.mlkitmodel */; };
		EBA131122610CF2A003C9252 /* car.jpeg in Resources */ = {isa = PBXBuildFile; fileRef = EBA131112610CF2A003C9252 /* car.jpeg */; };
		EBA131152610D5E7003C9252 /* cat.jpeg in Resources */ = {isa = PBXBuildFile; fileRef = EBA131142610D5E7003C9252 /* cat.jpeg */; };
		EBA131182610D610003C9252 /* dog.jpeg in Resources */ = {isa = PBXBuildFile; fileRef = EBA131172610D610003C9252 /* dog.jpeg */; };
		EBA1311B2610E850003C9252 /* banana.jpeg in Resources */ = {isa = PBXBuildFile; fileRef = EBA1311A2610E84F003C9252 /* banana.jpeg */; };
		EBA1311E2610E933003C9252 /* mac.jpg in Resources */ = {isa = PBXBuildFile; fileRef = EBA1311D2610E932003C9252 /* mac.jpg */; };
		EBA1312D2610EFC2003C9252 /* ipod.png in Resources */ = {isa = PBXBuildFile; fileRef = EBA1312C2610EFC2003C9252 /* ipod.png */; };
		EBA131302610F069003C9252 /* tree.png in Resources */ = {isa = PBXBuildFile; fileRef = EBA1312F2610F069003C9252 /* tree.png */; };
		EBA131332610F4F5003C9252 /* fish.jpeg in Resources */ = {isa = PBXBuildFile; fileRef = EBA131322610F4F5003C9252 /* fish.jpeg */; };
/* End PBXBuildFile section */

/* Begin PBXFileReference section */
		EBA130F42610CCB2003C9252 /* ICE-06-ImageRecognition.app */ = {isa = PBXFileReference; explicitFileType = wrapper.application; includeInIndex = 0; path = "ICE-06-ImageRecognition.app"; sourceTree = BUILT_PRODUCTS_DIR; };
		EBA130F72610CCB2003C9252 /* AppDelegate.swift */ = {isa = PBXFileReference; lastKnownFileType = sourcecode.swift; path = AppDelegate.swift; sourceTree = "<group>"; };
		EBA130F92610CCB2003C9252 /* SceneDelegate.swift */ = {isa = PBXFileReference; lastKnownFileType = sourcecode.swift; path = SceneDelegate.swift; sourceTree = "<group>"; };
		EBA130FB2610CCB2003C9252 /* ViewController.swift */ = {isa = PBXFileReference; lastKnownFileType = sourcecode.swift; path = ViewController.swift; sourceTree = "<group>"; };
		EBA130FE2610CCB2003C9252 /* Base */ = {isa = PBXFileReference; lastKnownFileType = file.storyboard; name = Base; path = Base.lproj/Main.storyboard; sourceTree = "<group>"; };
		EBA131002610CCB7003C9252 /* Assets.xcassets */ = {isa = PBXFileReference; lastKnownFileType = folder.assetcatalog; path = Assets.xcassets; sourceTree = "<group>"; };
		EBA131032610CCB7003C9252 /* Base */ = {isa = PBXFileReference; lastKnownFileType = file.storyboard; name = Base; path = Base.lproj/LaunchScreen.storyboard; sourceTree = "<group>"; };
		EBA131052610CCB7003C9252 /* Info.plist */ = {isa = PBXFileReference; lastKnownFileType = text.plist.xml; path = Info.plist; sourceTree = "<group>"; };
		EBA1310C2610CE4B003C9252 /* MobileNetV2.mlkitmodel */ = {isa = PBXFileReference; lastKnownFileType = file.mlmodel; path = MobileNetV2.mlkitmodel; sourceTree = "<group>"; };
		EBA1310D2610CE4C003C9252 /* SqueezeNet.mlkitmodel */ = {isa = PBXFileReference; lastKnownFileType = file.mlmodel; path = SqueezeNet.mlkitmodel; sourceTree = "<group>"; };
		EBA131112610CF2A003C9252 /* car.jpeg */ = {isa = PBXFileReference; lastKnownFileType = image.jpeg; path = car.jpeg; sourceTree = "<group>"; };
		EBA131142610D5E7003C9252 /* cat.jpeg */ = {isa = PBXFileReference; lastKnownFileType = image.jpeg; path = cat.jpeg; sourceTree = "<group>"; };
		EBA131172610D610003C9252 /* dog.jpeg */ = {isa = PBXFileReference; lastKnownFileType = image.jpeg; path = dog.jpeg; sourceTree = "<group>"; };
		EBA1311A2610E84F003C9252 /* banana.jpeg */ = {isa = PBXFileReference; lastKnownFileType = image.jpeg; path = banana.jpeg; sourceTree = "<group>"; };
		EBA1311D2610E932003C9252 /* mac.jpg */ = {isa = PBXFileReference; lastKnownFileType = image.jpeg; path = mac.jpg; sourceTree = "<group>"; };
		EBA1312C2610EFC2003C9252 /* ipod.png */ = {isa = PBXFileReference; lastKnownFileType = image.png; path = ipod.png; sourceTree = "<group>"; };
		EBA1312F2610F069003C9252 /* tree.png */ = {isa = PBXFileReference; lastKnownFileType = image.png; path = tree.png; sourceTree = "<group>"; };
		EBA131322610F4F5003C9252 /* fish.jpeg */ = {isa = PBXFileReference; lastKnownFileType = image.jpeg; path = fish.jpeg; sourceTree = "<group>"; };
/* End PBXFileReference section */

/* Begin PBXFrameworksBuildPhase section */
		EBA130F12610CCB2003C9252 /* Frameworks */ = {
			isa = PBXFrameworksBuildPhase;
			buildActionMask = 2147483647;
			files = (
			);
			runOnlyForDeploymentPostprocessing = 0;
		};
/* End PBXFrameworksBuildPhase section */

/* Begin PBXGroup section */
		EBA130EB2610CCB2003C9252 = {
			isa = PBXGroup;
			children = (
				EBA130F62610CCB2003C9252 /* ICE-06-ImageRecognition */,
				EBA130F52610CCB2003C9252 /* Products */,
			);
			sourceTree = "<group>";
		};
		EBA130F52610CCB2003C9252 /* Products */ = {
			isa = PBXGroup;
			children = (
				EBA130F42610CCB2003C9252 /* ICE-06-ImageRecognition.app */,
			);
			name = Products;
			sourceTree = "<group>";
		};
		EBA130F62610CCB2003C9252 /* ICE-06-ImageRecognition */ = {
			isa = PBXGroup;
			children = (
				EBA1310C2610CE4B003C9252 /* MobileNetV2.mlkitmodel */,
				EBA1310D2610CE4C003C9252 /* SqueezeNet.mlkitmodel */,
				EBA130F72610CCB2003C9252 /* AppDelegate.swift */,
				EBA130F92610CCB2003C9252 /* SceneDelegate.swift */,
				EBA130FB2610CCB2003C9252 /* ViewController.swift */,
				EBA131112610CF2A003C9252 /* car.jpeg */,
				EBA1311A2610E84F003C9252 /* banana.jpeg */,
				EBA131142610D5E7003C9252 /* cat.jpeg */,
				EBA131172610D610003C9252 /* dog.jpeg */,
				EBA1312F2610F069003C9252 /* tree.png */,
				EBA131322610F4F5003C9252 /* fish.jpeg */,
				EBA1312C2610EFC2003C9252 /* ipod.png */,
				EBA1311D2610E932003C9252 /* mac.jpg */,
				EBA130FD2610CCB2003C9252 /* Main.storyboard */,
				EBA131002610CCB7003C9252 /* Assets.xcassets */,
				EBA131022610CCB7003C9252 /* LaunchScreen.storyboard */,
				EBA131052610CCB7003C9252 /* Info.plist */,
			);
			path = "ICE-06-ImageRecognition";
			sourceTree = "<group>";
		};
/* End PBXGroup section */

/* Begin PBXNativeTarget section */
		EBA130F32610CCB2003C9252 /* ICE-06-ImageRecognition */ = {
			isa = PBXNativeTarget;
			buildConfigurationList = EBA131082610CCB7003C9252 /* Build configuration list for PBXNativeTarget "ICE-06-ImageRecognition" */;
			buildPhases = (
				EBA130F02610CCB2003C9252 /* Sources */,
				EBA130F12610CCB2003C9252 /* Frameworks */,
				EBA130F22610CCB2003C9252 /* Resources */,
			);
			buildRules = (
			);
			dependencies = (
			);
			name = "ICE-06-ImageRecognition";
			productName = "ICE-06-ImageRecognition";
			productReference = EBA130F42610CCB2003C9252 /* ICE-06-ImageRecognition.app */;
			productType = "com.apple.product-type.application";
		};
/* End PBXNativeTarget section */

/* Begin PBXProject section */
		EBA130EC2610CCB2003C9252 /* Project object */ = {
			isa = PBXProject;
			attributes = {
				LastSwiftUpdateCheck = 1230;
				LastUpgradeCheck = 1230;
				TargetAttributes = {
					EBA130F32610CCB2003C9252 = {
						CreatedOnToolsVersion = 12.3;
					};
				};
			};
			buildConfigurationList = EBA130EF2610CCB2003C9252 /* Build configuration list for PBXProject "ICE-06-ImageRecognition" */;
			compatibilityVersion = "Xcode 9.3";
			developmentRegion = en;
			hasScannedForEncodings = 0;
			knownRegions = (
				en,
				Base,
			);
			mainGroup = EBA130EB2610CCB2003C9252;
			productRefGroup = EBA130F52610CCB2003C9252 /* Products */;
			projectDirPath = "";
			projectRoot = "";
			targets = (
				EBA130F32610CCB2003C9252 /* ICE-06-ImageRecognition */,
			);
		};
/* End PBXProject section */

/* Begin PBXResourcesBuildPhase section */
		EBA130F22610CCB2003C9252 /* Resources */ = {
			isa = PBXResourcesBuildPhase;
			buildActionMask = 2147483647;
			files = (
				EBA131332610F4F5003C9252 /* fish.jpeg in Resources */,
				EBA131152610D5E7003C9252 /* cat.jpeg in Resources */,
				EBA131302610F069003C9252 /* tree.png in Resources */,
				EBA131042610CCB7003C9252 /* LaunchScreen.storyboard in Resources */,
				EBA1312D2610EFC2003C9252 /* ipod.png in Resources */,
				EBA131182610D610003C9252 /* dog.jpeg in Resources */,
				EBA131012610CCB7003C9252 /* Assets.xcassets in Resources */,
				EBA131122610CF2A003C9252 /* car.jpeg in Resources */,
				EBA1311B2610E850003C9252 /* banana.jpeg in Resources */,
				EBA130FF2610CCB2003C9252 /* Main.storyboard in Resources */,
				EBA1311E2610E933003C9252 /* mac.jpg in Resources */,
			);
			runOnlyForDeploymentPostprocessing = 0;
		};
/* End PBXResourcesBuildPhase section */

/* Begin PBXSourcesBuildPhase section */
		EBA130F02610CCB2003C9252 /* Sources */ = {
			isa = PBXSourcesBuildPhase;
			buildActionMask = 2147483647;
			files = (
				EBA130FC2610CCB2003C9252 /* ViewController.swift in Sources */,
				EBA1310F2610CE4C003C9252 /* SqueezeNet.mlkitmodel in Sources */,
				EBA1310E2610CE4C003C9252 /* MobileNetV2.mlkitmodel in Sources */,
				EBA130F82610CCB2003C9252 /* AppDelegate.swift in Sources */,
				EBA130FA2610CCB2003C9252 /* SceneDelegate.swift in Sources */,
			);
			runOnlyForDeploymentPostprocessing = 0;
		};
/* End PBXSourcesBuildPhase section */

/* Begin PBXVariantGroup section */
		EBA130FD2610CCB2003C9252 /* Main.storyboard */ = {
			isa = PBXVariantGroup;
			children = (
				EBA130FE2610CCB2003C9252 /* Base */,
			);
			name = Main.storyboard;
			sourceTree = "<group>";
		};
		EBA131022610CCB7003C9252 /* LaunchScreen.storyboard */ = {
			isa = PBXVariantGroup;
			children = (
				EBA131032610CCB7003C9252 /* Base */,
			);
			name = LaunchScreen.storyboard;
			sourceTree = "<group>";
		};
/* End PBXVariantGroup section */

/* Begin XCBuildConfiguration section */
		EBA131062610CCB7003C9252 /* Debug */ = {
			isa = XCBuildConfiguration;
			buildSettings = {
				ALWAYS_SEARCH_USER_PATHS = NO;
				CLANG_ANALYZER_NONNULL = YES;
				CLANG_ANALYZER_NUMBER_OBJECT_CONVERSION = YES_AGGRESSIVE;
				CLANG_CXX_LANGUAGE_STANDARD = "gnu++14";
				CLANG_CXX_LIBRARY = "libc++";
				CLANG_ENABLE_MODULES = YES;
				CLANG_ENABLE_OBJC_ARC = YES;
				CLANG_ENABLE_OBJC_WEAK = YES;
				CLANG_WARN_BLOCK_CAPTURE_AUTORELEASING = YES;
				CLANG_WARN_BOOL_CONVERSION = YES;
				CLANG_WARN_COMMA = YES;
				CLANG_WARN_CONSTANT_CONVERSION = YES;
				CLANG_WARN_DEPRECATED_OBJC_IMPLEMENTATIONS = YES;
				CLANG_WARN_DIRECT_OBJC_ISA_USAGE = YES_ERROR;
				CLANG_WARN_DOCUMENTATION_COMMENTS = YES;
				CLANG_WARN_EMPTY_BODY = YES;
				CLANG_WARN_ENUM_CONVERSION = YES;
				CLANG_WARN_INFINITE_RECURSION = YES;
				CLANG_WARN_INT_CONVERSION = YES;
				CLANG_WARN_NON_LITERAL_NULL_CONVERSION = YES;
				CLANG_WARN_OBJC_IMPLICIT_RETAIN_SELF = YES;
				CLANG_WARN_OBJC_LITERAL_CONVERSION = YES;
				CLANG_WARN_OBJC_ROOT_CLASS = YES_ERROR;
				CLANG_WARN_QUOTED_INCLUDE_IN_FRAMEWORK_HEADER = YES;
				CLANG_WARN_RANGE_LOOP_ANALYSIS = YES;
				CLANG_WARN_STRICT_PROTOTYPES = YES;
				CLANG_WARN_SUSPICIOUS_MOVE = YES;
				CLANG_WARN_UNGUARDED_AVAILABILITY = YES_AGGRESSIVE;
				CLANG_WARN_UNREACHABLE_CODE = YES;
				CLANG_WARN__DUPLICATE_METHOD_MATCH = YES;
				COPY_PHASE_STRIP = NO;
				DEBUG_INFORMATION_FORMAT = dwarf;
				ENABLE_STRICT_OBJC_MSGSEND = YES;
				ENABLE_TESTABILITY = YES;
				GCC_C_LANGUAGE_STANDARD = gnu11;
				GCC_DYNAMIC_NO_PIC = NO;
				GCC_NO_COMMON_BLOCKS = YES;
				GCC_OPTIMIZATION_LEVEL = 0;
				GCC_PREPROCESSOR_DEFINITIONS = (
					"DEBUG=1",
					"$(inherited)",
				);
				GCC_WARN_64_TO_32_BIT_CONVERSION = YES;
				GCC_WARN_ABOUT_RETURN_TYPE = YES_ERROR;
				GCC_WARN_UNDECLARED_SELECTOR = YES;
				GCC_WARN_UNINITIALIZED_AUTOS = YES_AGGRESSIVE;
				GCC_WARN_UNUSED_FUNCTION = YES;
				GCC_WARN_UNUSED_VARIABLE = YES;
				IPHONEOS_DEPLOYMENT_TARGET = 14.3;
				MTL_ENABLE_DEBUG_INFO = INCLUDE_SOURCE;
				MTL_FAST_MATH = YES;
				ONLY_ACTIVE_ARCH = YES;
				SDKROOT = iphoneos;
				SWIFT_ACTIVE_COMPILATION_CONDITIONS = DEBUG;
				SWIFT_OPTIMIZATION_LEVEL = "-Onone";
			};
			name = Debug;
		};
		EBA131072610CCB7003C9252 /* Release */ = {
			isa = XCBuildConfiguration;
			buildSettings = {
				ALWAYS_SEARCH_USER_PATHS = NO;
				CLANG_ANALYZER_NONNULL = YES;
				CLANG_ANALYZER_NUMBER_OBJECT_CONVERSION = YES_AGGRESSIVE;
				CLANG_CXX_LANGUAGE_STANDARD = "gnu++14";
				CLANG_CXX_LIBRARY = "libc++";
				CLANG_ENABLE_MODULES = YES;
				CLANG_ENABLE_OBJC_ARC = YES;
				CLANG_ENABLE_OBJC_WEAK = YES;
				CLANG_WARN_BLOCK_CAPTURE_AUTORELEASING = YES;
				CLANG_WARN_BOOL_CONVERSION = YES;
				CLANG_WARN_COMMA = YES;
				CLANG_WARN_CONSTANT_CONVERSION = YES;
				CLANG_WARN_DEPRECATED_OBJC_IMPLEMENTATIONS = YES;
				CLANG_WARN_DIRECT_OBJC_ISA_USAGE = YES_ERROR;
				CLANG_WARN_DOCUMENTATION_COMMENTS = YES;
				CLANG_WARN_EMPTY_BODY = YES;
				CLANG_WARN_ENUM_CONVERSION = YES;
				CLANG_WARN_INFINITE_RECURSION = YES;
				CLANG_WARN_INT_CONVERSION = YES;
				CLANG_WARN_NON_LITERAL_NULL_CONVERSION = YES;
				CLANG_WARN_OBJC_IMPLICIT_RETAIN_SELF = YES;
				CLANG_WARN_OBJC_LITERAL_CONVERSION = YES;
				CLANG_WARN_OBJC_ROOT_CLASS = YES_ERROR;
				CLANG_WARN_QUOTED_INCLUDE_IN_FRAMEWORK_HEADER = YES;
				CLANG_WARN_RANGE_LOOP_ANALYSIS = YES;
				CLANG_WARN_STRICT_PROTOTYPES = YES;
				CLANG_WARN_SUSPICIOUS_MOVE = YES;
				CLANG_WARN_UNGUARDED_AVAILABILITY = YES_AGGRESSIVE;
				CLANG_WARN_UNREACHABLE_CODE = YES;
				CLANG_WARN__DUPLICATE_METHOD_MATCH = YES;
				COPY_PHASE_STRIP = NO;
				DEBUG_INFORMATION_FORMAT = "dwarf-with-dsym";
				ENABLE_NS_ASSERTIONS = NO;
				ENABLE_STRICT_OBJC_MSGSEND = YES;
				GCC_C_LANGUAGE_STANDARD = gnu11;
				GCC_NO_COMMON_BLOCKS = YES;
				GCC_WARN_64_TO_32_BIT_CONVERSION = YES;
				GCC_WARN_ABOUT_RETURN_TYPE = YES_ERROR;
				GCC_WARN_UNDECLARED_SELECTOR = YES;
				GCC_WARN_UNINITIALIZED_AUTOS = YES_AGGRESSIVE;
				GCC_WARN_UNUSED_FUNCTION = YES;
				GCC_WARN_UNUSED_VARIABLE = YES;
				IPHONEOS_DEPLOYMENT_TARGET = 14.3;
				MTL_ENABLE_DEBUG_INFO = NO;
				MTL_FAST_MATH = YES;
				SDKROOT = iphoneos;
				SWIFT_COMPILATION_MODE = wholemodule;
				SWIFT_OPTIMIZATION_LEVEL = "-O";
				VALIDATE_PRODUCT = YES;
			};
			name = Release;
		};
		EBA131092610CCB7003C9252 /* Debug */ = {
			isa = XCBuildConfiguration;
			buildSettings = {
				ASSETCATALOG_COMPILER_APPICON_NAME = AppIcon;
				ASSETCATALOG_COMPILER_GLOBAL_ACCENT_COLOR_NAME = AccentColor;
				CODE_SIGN_STYLE = Automatic;
				DEVELOPMENT_TEAM = 556335494D;
				INFOPLIST_FILE = "ICE-06-ImageRecognition/Info.plist";
				LD_RUNPATH_SEARCH_PATHS = (
					"$(inherited)",
					"@executable_path/Frameworks",
				);
				PRODUCT_BUNDLE_IDENTIFIER = "ca.centennialcollege.mobile.ICE-06-ImageRecognition";
				PRODUCT_NAME = "$(TARGET_NAME)";
				SWIFT_VERSION = 5.0;
				TARGETED_DEVICE_FAMILY = "1,2";
			};
			name = Debug;
		};
		EBA1310A2610CCB7003C9252 /* Release */ = {
			isa = XCBuildConfiguration;
			buildSettings = {
				ASSETCATALOG_COMPILER_APPICON_NAME = AppIcon;
				ASSETCATALOG_COMPILER_GLOBAL_ACCENT_COLOR_NAME = AccentColor;
				CODE_SIGN_STYLE = Automatic;
				DEVELOPMENT_TEAM = 556335494D;
				INFOPLIST_FILE = "ICE-06-ImageRecognition/Info.plist";
				LD_RUNPATH_SEARCH_PATHS = (
					"$(inherited)",
					"@executable_path/Frameworks",
				);
				PRODUCT_BUNDLE_IDENTIFIER = "ca.centennialcollege.mobile.ICE-06-ImageRecognition";
				PRODUCT_NAME = "$(TARGET_NAME)";
				SWIFT_VERSION = 5.0;
				TARGETED_DEVICE_FAMILY = "1,2";
			};
			name = Release;
		};
/* End XCBuildConfiguration section */

/* Begin XCConfigurationList section */
		EBA130EF2610CCB2003C9252 /* Build configuration list for PBXProject "ICE-06-ImageRecognition" */ = {
			isa = XCConfigurationList;
			buildConfigurations = (
				EBA131062610CCB7003C9252 /* Debug */,
				EBA131072610CCB7003C9252 /* Release */,
			);
			defaultConfigurationIsVisible = 0;
			defaultConfigurationName = Release;
		};
		EBA131082610CCB7003C9252 /* Build configuration list for PBXNativeTarget "ICE-06-ImageRecognition" */ = {
			isa = XCConfigurationList;
			buildConfigurations = (
				EBA131092610CCB7003C9252 /* Debug */,
				EBA1310A2610CCB7003C9252 /* Release */,
			);
			defaultConfigurationIsVisible = 0;
			defaultConfigurationName = Release;
		};
/* End XCConfigurationList section */
	};
	rootObject = EBA130EC2610CCB2003C9252 /* Project object */;
}
